Microsoft Visual Studio Solution File, Format Version 12.00
# Visual Studio Version 17
VisualStudioVersion = 17.5.2.0
MinimumVisualStudioVersion = 10.0.40219.1
Project("{FAE04EC0-301F-11D3-BF4B-00C04F79EFBC}") = "TestGenAPI", "TestGenAPI.csproj", "{DD76EC87-7AAE-5E0F-A0E1-BC529E6BE60A}"
EndProject
Global
	GlobalSection(SolutionConfigurationPlatforms) = preSolution
		Debug|Any CPU = Debug|Any CPU
		Release|Any CPU = Release|Any CPU
	EndGlobalSection
	GlobalSection(ProjectConfigurationPlatforms) = postSolution
		{DD76EC87-7AAE-5E0F-A0E1-BC529E6BE60A}.Debug|Any CPU.ActiveCfg = Debug|Any CPU
		{DD76EC87-7AAE-5E0F-A0E1-BC529E6BE60A}.Debug|Any CPU.Build.0 = Debug|Any CPU
		{DD76EC87-7AAE-5E0F-A0E1-BC529E6BE60A}.Release|Any CPU.ActiveCfg = Release|Any CPU
		{DD76EC87-7AAE-5E0F-A0E1-BC529E6BE60A}.Release|Any CPU.Build.0 = Release|Any CPU
	EndGlobalSection
	GlobalSection(SolutionProperties) = preSolution
		HideSolutionNode = FALSE
	EndGlobalSection
	GlobalSection(ExtensibilityGlobals) = postSolution
		SolutionGuid = {7270AF2F-8369-4FA5-B52F-1697FC74757C}
	EndGlobalSection
EndGlobal
